<?xml version="1.0" encoding="utf-8"?>
<Project ToolsVersion="4.0" xmlns="http://schemas.microsoft.com/developer/msbuild/2003">
  <ItemGroup>
    <Filter Include="eztcp">
      <UniqueIdentifier>{5b219b0d-d4be-4584-8717-d9ab9d2b2ff1}</UniqueIdentifier>
    </Filter>
    <Filter Include="stlcli">
      <UniqueIdentifier>{7652a5e5-749b-4847-bbe8-4ffd4afcb4fd}</UniqueIdentifier>
    </Filter>
  </ItemGroup>
  <ItemGroup>
    <ClInclude Include="$(MSBuildThisFileDirectory)eztcp\eztcp.h">
      <Filter>eztcp</Filter>
    </ClInclude>
    <ClInclude Include="$(MSBuildThisFileDirectory)eztcp\platform.h">
      <Filter>eztcp</Filter>
    </ClInclude>
    <ClInclude Include="$(MSBuildThisFileDirectory)stlcli\stlcli.h">
      <Filter>stlcli</Filter>
    </ClInclude>
    <ClInclude Include="$(MSBuildThisFileDirectory)stlcli\stlcliex.h">
      <Filter>stlcli</Filter>
    </ClInclude>
  </ItemGroup>
</Project>