
Microsoft Visual Studio Solution File, Format Version 12.00
# Visual Studio Version 16
VisualStudioVersion = 16.0.29025.244
MinimumVisualStudioVersion = 10.0.40219.1
Project("{8BC9CEB8-8B4A-11D0-8D11-00A0C91BC942}") = "@Test", "@Test\@Test.vcxproj", "{BEA94888-4349-4BD9-AB50-90F20CF1EB0E}"
EndProject
Project("{8BC9CEB8-8B4A-11D0-8D11-00A0C91BC942}") = "Server(Win)", "Server\Server.vcxproj", "{90234915-4A56-4F1F-95BF-CFEB51F038DA}"
EndProject
Project("{8BC9CEB8-8B4A-11D0-8D11-00A0C91BC942}") = "Master", "Master\Master.vcxproj", "{52A1C20B-620E-48ED-8937-BD3BD21A4CEE}"
EndProject
Project("{8BC9CEB8-8B4A-11D0-8D11-00A0C91BC942}") = "Slave", "Slave\Slave.vcxproj", "{5E315CE6-8611-4A16-8348-BC95A72D87BE}"
EndProject
Project("{8BC9CEB8-8B4A-11D0-8D11-00A0C91BC942}") = "lib", "lib\lib.vcxitems", "{59D90DD6-F9E8-40A1-95BF-53EB7E2372E6}"
EndProject
Project("{2150E333-8FDC-42A3-9474-1A3956D46DE8}") = "Solution Items", "Solution Items", "{556CC7F4-E2E7-439B-99B9-50EE279689F8}"
	ProjectSection(SolutionItems) = preProject
		信息交换规则.txt = 信息交换规则.txt
		信息应答.txt = 信息应答.txt
		命名规范.txt = 命名规范.txt
		经验.txt = 经验.txt
		项目规范.txt = 项目规范.txt
	EndProjectSection
EndProject
Project("{8BC9CEB8-8B4A-11D0-8D11-00A0C91BC942}") = "Server_Linux", "Server_Linux\Server_Linux.vcxproj", "{58B7E23A-FAD3-431E-AE50-41060046499B}"
EndProject
Global
	GlobalSection(SolutionConfigurationPlatforms) = preSolution
		Debug|ARM = Debug|ARM
		Debug|ARM64 = Debug|ARM64
		Debug|x64 = Debug|x64
		Debug|x86 = Debug|x86
		Release|ARM = Release|ARM
		Release|ARM64 = Release|ARM64
		Release|x64 = Release|x64
		Release|x86 = Release|x86
	EndGlobalSection
	GlobalSection(ProjectConfigurationPlatforms) = postSolution
		{BEA94888-4349-4BD9-AB50-90F20CF1EB0E}.Debug|ARM.ActiveCfg = Debug|Win32
		{BEA94888-4349-4BD9-AB50-90F20CF1EB0E}.Debug|ARM64.ActiveCfg = Debug|Win32
		{BEA94888-4349-4BD9-AB50-90F20CF1EB0E}.Debug|x64.ActiveCfg = Debug|x64
		{BEA94888-4349-4BD9-AB50-90F20CF1EB0E}.Debug|x64.Build.0 = Debug|x64
		{BEA94888-4349-4BD9-AB50-90F20CF1EB0E}.Debug|x86.ActiveCfg = Debug|Win32
		{BEA94888-4349-4BD9-AB50-90F20CF1EB0E}.Debug|x86.Build.0 = Debug|Win32
		{BEA94888-4349-4BD9-AB50-90F20CF1EB0E}.Release|ARM.ActiveCfg = Release|Win32
		{BEA94888-4349-4BD9-AB50-90F20CF1EB0E}.Release|ARM64.ActiveCfg = Release|Win32
		{BEA94888-4349-4BD9-AB50-90F20CF1EB0E}.Release|x64.ActiveCfg = Release|x64
		{BEA94888-4349-4BD9-AB50-90F20CF1EB0E}.Release|x64.Build.0 = Release|x64
		{BEA94888-4349-4BD9-AB50-90F20CF1EB0E}.Release|x86.ActiveCfg = Release|Win32
		{BEA94888-4349-4BD9-AB50-90F20CF1EB0E}.Release|x86.Build.0 = Release|Win32
		{90234915-4A56-4F1F-95BF-CFEB51F038DA}.Debug|ARM.ActiveCfg = Debug|Win32
		{90234915-4A56-4F1F-95BF-CFEB51F038DA}.Debug|ARM64.ActiveCfg = Debug|Win32
		{90234915-4A56-4F1F-95BF-CFEB51F038DA}.Debug|x64.ActiveCfg = Debug|x64
		{90234915-4A56-4F1F-95BF-CFEB51F038DA}.Debug|x64.Build.0 = Debug|x64
		{90234915-4A56-4F1F-95BF-CFEB51F038DA}.Debug|x86.ActiveCfg = Debug|Win32
		{90234915-4A56-4F1F-95BF-CFEB51F038DA}.Debug|x86.Build.0 = Debug|Win32
		{90234915-4A56-4F1F-95BF-CFEB51F038DA}.Release|ARM.ActiveCfg = Release|Win32
		{90234915-4A56-4F1F-95BF-CFEB51F038DA}.Release|ARM64.ActiveCfg = Release|Win32
		{90234915-4A56-4F1F-95BF-CFEB51F038DA}.Release|x64.ActiveCfg = Release|x64
		{90234915-4A56-4F1F-95BF-CFEB51F038DA}.Release|x64.Build.0 = Release|x64
		{90234915-4A56-4F1F-95BF-CFEB51F038DA}.Release|x86.ActiveCfg = Release|Win32
		{90234915-4A56-4F1F-95BF-CFEB51F038DA}.Release|x86.Build.0 = Release|Win32
		{52A1C20B-620E-48ED-8937-BD3BD21A4CEE}.Debug|ARM.ActiveCfg = Debug|Win32
		{52A1C20B-620E-48ED-8937-BD3BD21A4CEE}.Debug|ARM64.ActiveCfg = Debug|Win32
		{52A1C20B-620E-48ED-8937-BD3BD21A4CEE}.Debug|x64.ActiveCfg = Debug|x64
		{52A1C20B-620E-48ED-8937-BD3BD21A4CEE}.Debug|x64.Build.0 = Debug|x64
		{52A1C20B-620E-48ED-8937-BD3BD21A4CEE}.Debug|x86.ActiveCfg = Debug|Win32
		{52A1C20B-620E-48ED-8937-BD3BD21A4CEE}.Debug|x86.Build.0 = Debug|Win32
		{52A1C20B-620E-48ED-8937-BD3BD21A4CEE}.Release|ARM.ActiveCfg = Release|Win32
		{52A1C20B-620E-48ED-8937-BD3BD21A4CEE}.Release|ARM64.ActiveCfg = Release|Win32
		{52A1C20B-620E-48ED-8937-BD3BD21A4CEE}.Release|x64.ActiveCfg = Release|x64
		{52A1C20B-620E-48ED-8937-BD3BD21A4CEE}.Release|x64.Build.0 = Release|x64
		{52A1C20B-620E-48ED-8937-BD3BD21A4CEE}.Release|x86.ActiveCfg = Release|Win32
		{52A1C20B-620E-48ED-8937-BD3BD21A4CEE}.Release|x86.Build.0 = Release|Win32
		{5E315CE6-8611-4A16-8348-BC95A72D87BE}.Debug|ARM.ActiveCfg = Debug|Win32
		{5E315CE6-8611-4A16-8348-BC95A72D87BE}.Debug|ARM64.ActiveCfg = Debug|Win32
		{5E315CE6-8611-4A16-8348-BC95A72D87BE}.Debug|x64.ActiveCfg = Debug|x64
		{5E315CE6-8611-4A16-8348-BC95A72D87BE}.Debug|x64.Build.0 = Debug|x64
		{5E315CE6-8611-4A16-8348-BC95A72D87BE}.Debug|x86.ActiveCfg = Debug|Win32
		{5E315CE6-8611-4A16-8348-BC95A72D87BE}.Debug|x86.Build.0 = Debug|Win32
		{5E315CE6-8611-4A16-8348-BC95A72D87BE}.Release|ARM.ActiveCfg = Release|Win32
		{5E315CE6-8611-4A16-8348-BC95A72D87BE}.Release|ARM64.ActiveCfg = Release|Win32
		{5E315CE6-8611-4A16-8348-BC95A72D87BE}.Release|x64.ActiveCfg = Release|x64
		{5E315CE6-8611-4A16-8348-BC95A72D87BE}.Release|x64.Build.0 = Release|x64
		{5E315CE6-8611-4A16-8348-BC95A72D87BE}.Release|x86.ActiveCfg = Release|Win32
		{5E315CE6-8611-4A16-8348-BC95A72D87BE}.Release|x86.Build.0 = Release|Win32
		{58B7E23A-FAD3-431E-AE50-41060046499B}.Debug|ARM.ActiveCfg = Debug|ARM
		{58B7E23A-FAD3-431E-AE50-41060046499B}.Debug|ARM.Build.0 = Debug|ARM
		{58B7E23A-FAD3-431E-AE50-41060046499B}.Debug|ARM.Deploy.0 = Debug|ARM
		{58B7E23A-FAD3-431E-AE50-41060046499B}.Debug|ARM64.ActiveCfg = Debug|ARM64
		{58B7E23A-FAD3-431E-AE50-41060046499B}.Debug|ARM64.Build.0 = Debug|ARM64
		{58B7E23A-FAD3-431E-AE50-41060046499B}.Debug|ARM64.Deploy.0 = Debug|ARM64
		{58B7E23A-FAD3-431E-AE50-41060046499B}.Debug|x64.ActiveCfg = Debug|x64
		{58B7E23A-FAD3-431E-AE50-41060046499B}.Debug|x64.Build.0 = Debug|x64
		{58B7E23A-FAD3-431E-AE50-41060046499B}.Debug|x64.Deploy.0 = Debug|x64
		{58B7E23A-FAD3-431E-AE50-41060046499B}.Debug|x86.ActiveCfg = Debug|x86
		{58B7E23A-FAD3-431E-AE50-41060046499B}.Debug|x86.Build.0 = Debug|x86
		{58B7E23A-FAD3-431E-AE50-41060046499B}.Debug|x86.Deploy.0 = Debug|x86
		{58B7E23A-FAD3-431E-AE50-41060046499B}.Release|ARM.ActiveCfg = Release|ARM
		{58B7E23A-FAD3-431E-AE50-41060046499B}.Release|ARM.Build.0 = Release|ARM
		{58B7E23A-FAD3-431E-AE50-41060046499B}.Release|ARM.Deploy.0 = Release|ARM
		{58B7E23A-FAD3-431E-AE50-41060046499B}.Release|ARM64.ActiveCfg = Release|ARM64
		{58B7E23A-FAD3-431E-AE50-41060046499B}.Release|ARM64.Build.0 = Release|ARM64
		{58B7E23A-FAD3-431E-AE50-41060046499B}.Release|ARM64.Deploy.0 = Release|ARM64
		{58B7E23A-FAD3-431E-AE50-41060046499B}.Release|x64.ActiveCfg = Release|x64
		{58B7E23A-FAD3-431E-AE50-41060046499B}.Release|x64.Build.0 = Release|x64
		{58B7E23A-FAD3-431E-AE50-41060046499B}.Release|x64.Deploy.0 = Release|x64
		{58B7E23A-FAD3-431E-AE50-41060046499B}.Release|x86.ActiveCfg = Release|x86
		{58B7E23A-FAD3-431E-AE50-41060046499B}.Release|x86.Build.0 = Release|x86
		{58B7E23A-FAD3-431E-AE50-41060046499B}.Release|x86.Deploy.0 = Release|x86
	EndGlobalSection
	GlobalSection(SolutionProperties) = preSolution
		HideSolutionNode = FALSE
	EndGlobalSection
	GlobalSection(ExtensibilityGlobals) = postSolution
		SolutionGuid = {DBC49AF5-E220-49F5-B377-72D86EA40989}
	EndGlobalSection
EndGlobal
